<?xml version="1.0" encoding="utf-8"?>
<Project ToolsVersion="4.0" xmlns="http://schemas.microsoft.com/developer/msbuild/2003">
  <ItemGroup>
    <Filter Include="Source Files">
      <UniqueIdentifier>{4FC737F1-C7A5-4376-A066-2A32D752A2FF}</UniqueIdentifier>
      <Extensions>cpp;c;cc;cxx;def;odl;idl;hpj;bat;asm;asmx</Extensions>
    </Filter>
    <Filter Include="Header Files">
      <UniqueIdentifier>{93995380-89BD-4b04-88EB-625FBE52EBFB}</UniqueIdentifier>
      <Extensions>h;hh;hpp;hxx;hm;inl;inc;ipp;xsd</Extensions>
    </Filter>
    <Filter Include="Resource Files">
      <UniqueIdentifier>{67DA6AB6-F800-4c08-8B7A-83BB121AAD01}</UniqueIdentifier>
      <Extensions>rc;ico;cur;bmp;dlg;rc2;rct;bin;rgs;gif;jpg;jpeg;jpe;resx;tiff;tif;png;wav;mfcribbon-ms</Extensions>
    </Filter>
    <Filter Include="Source Files\2. Creational Patterns">
      <UniqueIdentifier>{e787bbf8-fdcf-41b5-8946-90db77942112}</UniqueIdentifier>
    </Filter>
    <Filter Include="Header Files\2. Creational Patterns">
      <UniqueIdentifier>{e3570d0e-e1e2-4ab3-b10c-b4e792341fd5}</UniqueIdentifier>
    </Filter>
    <Filter Include="Source Files\3. Structural Patterns">
      <UniqueIdentifier>{98d20924-4e47-4408-afa0-62839a958637}</UniqueIdentifier>
    </Filter>
    <Filter Include="Header Files\3. Structural Patterns">
      <UniqueIdentifier>{40397274-94b1-448d-bf57-fe03fdd24a1d}</UniqueIdentifier>
    </Filter>
    <Filter Include="Header Files\4. Behavioral Patterns">
      <UniqueIdentifier>{c120690d-a12e-4771-b04c-ef473b77be68}</UniqueIdentifier>
    </Filter>
    <Filter Include="Source Files\4. Behavioral Patterns">
      <UniqueIdentifier>{860624c5-81fd-4c28-9fde-e391c9c5e283}</UniqueIdentifier>
    </Filter>
  </ItemGroup>
  <ItemGroup>
    <ClCompile Include="main.cpp">
      <Filter>Source Files</Filter>
    </ClCompile>
    <ClCompile Include="2.4_Singleton.h">
      <Filter>Header Files\2. Creational Patterns</Filter>
    </ClCompile>
    <ClCompile Include="2.1_Builder.h">
      <Filter>Header Files\2. Creational Patterns</Filter>
    </ClCompile>
    <ClCompile Include="2.3_Prototype.h">
      <Filter>Header Files\2. Creational Patterns</Filter>
    </ClCompile>
    <ClCompile Include="4.2_Command.h">
      <Filter>Header Files\4. Behavioral Patterns</Filter>
    </ClCompile>
  </ItemGroup>
  <ItemGroup>
    <ClInclude Include="2.2_Factory.h">
      <Filter>Header Files\2. Creational Patterns</Filter>
    </ClInclude>
    <ClInclude Include="3.1_Adapter.h">
      <Filter>Header Files\3. Structural Patterns</Filter>
    </ClInclude>
    <ClInclude Include="3.2_Bridge.h">
      <Filter>Header Files\3. Structural Patterns</Filter>
    </ClInclude>
    <ClInclude Include="3.3_Composite.h">
      <Filter>Header Files\3. Structural Patterns</Filter>
    </ClInclude>
    <ClInclude Include="3.3.1_Decorator.h">
      <Filter>Header Files\3. Structural Patterns</Filter>
    </ClInclude>
    <ClInclude Include="3.4_Facade.h">
      <Filter>Header Files\3. Structural Patterns</Filter>
    </ClInclude>
    <ClInclude Include="3.5_Flyweight.h">
      <Filter>Header Files\3. Structural Patterns</Filter>
    </ClInclude>
    <ClInclude Include="3.6_Proxy.h">
      <Filter>Header Files\3. Structural Patterns</Filter>
    </ClInclude>
    <ClInclude Include="3.7_CuriouslyRecurringTemplate.h">
      <Filter>Header Files\3. Structural Patterns</Filter>
    </ClInclude>
    <ClInclude Include="3.8_InterfaceBasedProgramming(IBP).h">
      <Filter>Header Files\3. Structural Patterns</Filter>
    </ClInclude>
    <ClInclude Include="4.1_ChainOfResponsibility.h">
      <Filter>Header Files\4. Behavioral Patterns</Filter>
    </ClInclude>
    <ClInclude Include="4.3_Interpreter.h">
      <Filter>Header Files\4. Behavioral Patterns</Filter>
    </ClInclude>
    <ClInclude Include="4.4_Iterator.h">
      <Filter>Header Files\4. Behavioral Patterns</Filter>
    </ClInclude>
    <ClInclude Include="4.5_Mediator.h">
      <Filter>Header Files\4. Behavioral Patterns</Filter>
    </ClInclude>
    <ClInclude Include="4.6_Memento.h">
      <Filter>Header Files\4. Behavioral Patterns</Filter>
    </ClInclude>
    <ClInclude Include="4.7_Observer.h">
      <Filter>Header Files\4. Behavioral Patterns</Filter>
    </ClInclude>
    <ClInclude Include="4.8_State.h">
      <Filter>Header Files\4. Behavioral Patterns</Filter>
    </ClInclude>
    <ClInclude Include="4.9_Strategy.h">
      <Filter>Header Files\4. Behavioral Patterns</Filter>
    </ClInclude>
    <ClInclude Include="4.10_Template.h">
      <Filter>Header Files\4. Behavioral Patterns</Filter>
    </ClInclude>
    <ClInclude Include="4.11_Visitor.h">
      <Filter>Header Files\4. Behavioral Patterns</Filter>
    </ClInclude>
    <ClInclude Include="4.12_Model-View-Controller(MVC).h">
      <Filter>Header Files\4. Behavioral Patterns</Filter>
    </ClInclude>
    <ClInclude Include="4.4.1_IteratorTemplate.h">
      <Filter>Header Files\4. Behavioral Patterns</Filter>
    </ClInclude>
    <ClInclude Include="4.4.1_Aggregate.h">
      <Filter>Header Files\4. Behavioral Patterns</Filter>
    </ClInclude>
  </ItemGroup>
</Project>